// !$*UTF8*$!
{
	archiveVersion = 1;
	classes = {
	};
	objectVersion = 50;
	objects = {

/* Begin PBXBuildFile section */
		8F1A668120B6EEBF009DC66B /* Default-568h@2x.png in Resources */ = {isa = PBXBuildFile; fileRef = 8F1A668020B6EEBF009DC66B /* Default-568h@2x.png */; };
		8F861A8120B2F67400FC96ED /* AppDelegate.swift in Sources */ = {isa = PBXBuildFile; fileRef = 8F861A8020B2F67400FC96ED /* AppDelegate.swift */; };
		8F861A8320B2F67400FC96ED /* ViewController.swift in Sources */ = {isa = PBXBuildFile; fileRef = 8F861A8220B2F67400FC96ED /* ViewController.swift */; };
		8F861A8620B2F67400FC96ED /* Main.storyboard in Resources */ = {isa = PBXBuildFile; fileRef = 8F861A8420B2F67400FC96ED /* Main.storyboard */; };
		8F861A8820B2F67500FC96ED /* Assets.xcassets in Resources */ = {isa = PBXBuildFile; fileRef = 8F861A8720B2F67500FC96ED /* Assets.xcassets */; };
		8F861A8B20B2F67500FC96ED /* LaunchScreen.storyboard in Resources */ = {isa = PBXBuildFile; fileRef = 8F861A8920B2F67500FC96ED /* LaunchScreen.storyboard */; };
		8F861A9320B2FA5700FC96ED /* HappyButton.swift in Sources */ = {isa = PBXBuildFile; fileRef = 8F861A9220B2FA5700FC96ED /* HappyButton.swift */; };
		8F9BBC8420B3421F00AD24A3 /* SeahorseStyleKit.swift in Sources */ = {isa = PBXBuildFile; fileRef = 8F9BBC8320B3421E00AD24A3 /* SeahorseStyleKit.swift */; };
/* End PBXBuildFile section */

/* Begin PBXFileReference section */
		8F1A668020B6EEBF009DC66B /* Default-568h@2x.png */ = {isa = PBXFileReference; lastKnownFileType = image.png; path = "Default-568h@2x.png"; sourceTree = "<group>"; };
		8F861A7D20B2F67400FC96ED /* Happy Button.app */ = {isa = PBXFileReference; explicitFileType = wrapper.application; includeInIndex = 0; path = "Happy Button.app"; sourceTree = BUILT_PRODUCTS_DIR; };
		8F861A8020B2F67400FC96ED /* AppDelegate.swift */ = {isa = PBXFileReference; lastKnownFileType = sourcecode.swift; path = AppDelegate.swift; sourceTree = "<group>"; };
		8F861A8220B2F67400FC96ED /* ViewController.swift */ = {isa = PBXFileReference; lastKnownFileType = sourcecode.swift; path = ViewController.swift; sourceTree = "<group>"; };
		8F861A8520B2F67400FC96ED /* Base */ = {isa = PBXFileReference; lastKnownFileType = file.storyboard; name = Base; path = Base.lproj/Main.storyboard; sourceTree = "<group>"; };
		8F861A8720B2F67500FC96ED /* Assets.xcassets */ = {isa = PBXFileReference; lastKnownFileType = folder.assetcatalog; path = Assets.xcassets; sourceTree = "<group>"; };
		8F861A8A20B2F67500FC96ED /* Base */ = {isa = PBXFileReference; lastKnownFileType = file.storyboard; name = Base; path = Base.lproj/LaunchScreen.storyboard; sourceTree = "<group>"; };
		8F861A8C20B2F67500FC96ED /* Info.plist */ = {isa = PBXFileReference; lastKnownFileType = text.plist.xml; path = Info.plist; sourceTree = "<group>"; };
		8F861A9220B2FA5700FC96ED /* HappyButton.swift */ = {isa = PBXFileReference; lastKnownFileType = sourcecode.swift; path = HappyButton.swift; sourceTree = "<group>"; };
		8F9BBC8320B3421E00AD24A3 /* SeahorseStyleKit.swift */ = {isa = PBXFileReference; fileEncoding = 4; lastKnownFileType = sourcecode.swift; path = SeahorseStyleKit.swift; sourceTree = "<group>"; };
/* End PBXFileReference section */

/* Begin PBXFrameworksBuildPhase section */
		8F861A7A20B2F67400FC96ED /* Frameworks */ = {
			isa = PBXFrameworksBuildPhase;
			buildActionMask = 2147483647;
			files = (
			);
			runOnlyForDeploymentPostprocessing = 0;
		};
/* End PBXFrameworksBuildPhase section */

/* Begin PBXGroup section */
		8F861A7420B2F67400FC96ED = {
			isa = PBXGroup;
			children = (
				8F1A668020B6EEBF009DC66B /* Default-568h@2x.png */,
				8F861A7F20B2F67400FC96ED /* Happy Button */,
				8F861A7E20B2F67400FC96ED /* Products */,
			);
			sourceTree = "<group>";
		};
		8F861A7E20B2F67400FC96ED /* Products */ = {
			isa = PBXGroup;
			children = (
				8F861A7D20B2F67400FC96ED /* Happy Button.app */,
			);
			name = Products;
			sourceTree = "<group>";
		};
		8F861A7F20B2F67400FC96ED /* Happy Button */ = {
			isa = PBXGroup;
			children = (
				8F861A8020B2F67400FC96ED /* AppDelegate.swift */,
				8F861A8220B2F67400FC96ED /* ViewController.swift */,
				8F861A8420B2F67400FC96ED /* Main.storyboard */,
				8F9BBC8320B3421E00AD24A3 /* SeahorseStyleKit.swift */,
				8F861A9220B2FA5700FC96ED /* HappyButton.swift */,
				8F861A8720B2F67500FC96ED /* Assets.xcassets */,
				8F861A8920B2F67500FC96ED /* LaunchScreen.storyboard */,
				8F861A8C20B2F67500FC96ED /* Info.plist */,
			);
			path = "Happy Button";
			sourceTree = "<group>";
		};
/* End PBXGroup section */

/* Begin PBXNativeTarget section */
		8F861A7C20B2F67400FC96ED /* Happy Button */ = {
			isa = PBXNativeTarget;
			buildConfigurationList = 8F861A8F20B2F67500FC96ED /* Build configuration list for PBXNativeTarget "Happy Button" */;
			buildPhases = (
				8F861A7920B2F67400FC96ED /* Sources */,
				8F861A7A20B2F67400FC96ED /* Frameworks */,
				8F861A7B20B2F67400FC96ED /* Resources */,
			);
			buildRules = (
			);
			dependencies = (
			);
			name = "Happy Button";
			productName = "Add to Bag Animated Button";
			productReference = 8F861A7D20B2F67400FC96ED /* Happy Button.app */;
			productType = "com.apple.product-type.application";
		};
/* End PBXNativeTarget section */

/* Begin PBXProject section */
		8F861A7520B2F67400FC96ED /* Project object */ = {
			isa = PBXProject;
			attributes = {
				LastSwiftUpdateCheck = 0930;
				LastUpgradeCheck = 0930;
				ORGANIZATIONNAME = "The Seahorse Company";
				TargetAttributes = {
					8F861A7C20B2F67400FC96ED = {
						CreatedOnToolsVersion = 9.3.1;
					};
				};
			};
			buildConfigurationList = 8F861A7820B2F67400FC96ED /* Build configuration list for PBXProject "Happy Button" */;
			compatibilityVersion = "Xcode 9.3";
			developmentRegion = en;
			hasScannedForEncodings = 0;
			knownRegions = (
				en,
				Base,
			);
			mainGroup = 8F861A7420B2F67400FC96ED;
			productRefGroup = 8F861A7E20B2F67400FC96ED /* Products */;
			projectDirPath = "";
			projectRoot = "";
			targets = (
				8F861A7C20B2F67400FC96ED /* Happy Button */,
			);
		};
/* End PBXProject section */

/* Begin PBXResourcesBuildPhase section */
		8F861A7B20B2F67400FC96ED /* Resources */ = {
			isa = PBXResourcesBuildPhase;
			buildActionMask = 2147483647;
			files = (
				8F861A8B20B2F67500FC96ED /* LaunchScreen.storyboard in Resources */,
				8F1A668120B6EEBF009DC66B /* Default-568h@2x.png in Resources */,
				8F861A8820B2F67500FC96ED /* Assets.xcassets in Resources */,
				8F861A8620B2F67400FC96ED /* Main.storyboard in Resources */,
			);
			runOnlyForDeploymentPostprocessing = 0;
		};
/* End PBXResourcesBuildPhase section */

/* Begin PBXSourcesBuildPhase section */
		8F861A7920B2F67400FC96ED /* Sources */ = {
			isa = PBXSourcesBuildPhase;
			buildActionMask = 2147483647;
			files = (
				8F861A8320B2F67400FC96ED /* ViewController.swift in Sources */,
				8F9BBC8420B3421F00AD24A3 /* SeahorseStyleKit.swift in Sources */,
				8F861A8120B2F67400FC96ED /* AppDelegate.swift in Sources */,
				8F861A9320B2FA5700FC96ED /* HappyButton.swift in Sources */,
			);
			runOnlyForDeploymentPostprocessing = 0;
		};
/* End PBXSourcesBuildPhase section */

/* Begin PBXVariantGroup section */
		8F861A8420B2F67400FC96ED /* Main.storyboard */ = {
			isa = PBXVariantGroup;
			children = (
				8F861A8520B2F67400FC96ED /* Base */,
			);
			name = Main.storyboard;
			sourceTree = "<group>";
		};
		8F861A8920B2F67500FC96ED /* LaunchScreen.storyboard */ = {
			isa = PBXVariantGroup;
			children = (
				8F861A8A20B2F67500FC96ED /* Base */,
			);
			name = LaunchScreen.storyboard;
			sourceTree = "<group>";
		};
/* End PBXVariantGroup section */

/* Begin XCBuildConfiguration section */
		8F861A8D20B2F67500FC96ED /* Debug */ = {
			isa = XCBuildConfiguration;
			buildSettings = {
				ALWAYS_SEARCH_USER_PATHS = NO;
				CLANG_ANALYZER_NONNULL = YES;
				CLANG_ANALYZER_NUMBER_OBJECT_CONVERSION = YES_AGGRESSIVE;
				CLANG_CXX_LANGUAGE_STANDARD = "gnu++14";
				CLANG_CXX_LIBRARY = "libc++";
				CLANG_ENABLE_MODULES = YES;
				CLANG_ENABLE_OBJC_ARC = YES;
				CLANG_ENABLE_OBJC_WEAK = YES;
				CLANG_WARN_BLOCK_CAPTURE_AUTORELEASING = YES;
				CLANG_WARN_BOOL_CONVERSION = YES;
				CLANG_WARN_COMMA = YES;
				CLANG_WARN_CONSTANT_CONVERSION = YES;
				CLANG_WARN_DEPRECATED_OBJC_IMPLEMENTATIONS = YES;
				CLANG_WARN_DIRECT_OBJC_ISA_USAGE = YES_ERROR;
				CLANG_WARN_DOCUMENTATION_COMMENTS = YES;
				CLANG_WARN_EMPTY_BODY = YES;
				CLANG_WARN_ENUM_CONVERSION = YES;
				CLANG_WARN_INFINITE_RECURSION = YES;
				CLANG_WARN_INT_CONVERSION = YES;
				CLANG_WARN_NON_LITERAL_NULL_CONVERSION = YES;
				CLANG_WARN_OBJC_IMPLICIT_RETAIN_SELF = YES;
				CLANG_WARN_OBJC_LITERAL_CONVERSION = YES;
				CLANG_WARN_OBJC_ROOT_CLASS = YES_ERROR;
				CLANG_WARN_RANGE_LOOP_ANALYSIS = YES;
				CLANG_WARN_STRICT_PROTOTYPES = YES;
				CLANG_WARN_SUSPICIOUS_MOVE = YES;
				CLANG_WARN_UNGUARDED_AVAILABILITY = YES_AGGRESSIVE;
				CLANG_WARN_UNREACHABLE_CODE = YES;
				CLANG_WARN__DUPLICATE_METHOD_MATCH = YES;
				CODE_SIGN_IDENTITY = "iPhone Developer";
				COPY_PHASE_STRIP = NO;
				DEBUG_INFORMATION_FORMAT = dwarf;
				ENABLE_STRICT_OBJC_MSGSEND = YES;
				ENABLE_TESTABILITY = YES;
				GCC_C_LANGUAGE_STANDARD = gnu11;
				GCC_DYNAMIC_NO_PIC = NO;
				GCC_NO_COMMON_BLOCKS = YES;
				GCC_OPTIMIZATION_LEVEL = 0;
				GCC_PREPROCESSOR_DEFINITIONS = (
					"DEBUG=1",
					"$(inherited)",
				);
				GCC_WARN_64_TO_32_BIT_CONVERSION = YES;
				GCC_WARN_ABOUT_RETURN_TYPE = YES_ERROR;
				GCC_WARN_UNDECLARED_SELECTOR = YES;
				GCC_WARN_UNINITIALIZED_AUTOS = YES_AGGRESSIVE;
				GCC_WARN_UNUSED_FUNCTION = YES;
				GCC_WARN_UNUSED_VARIABLE = YES;
				IPHONEOS_DEPLOYMENT_TARGET = 11.3;
				MTL_ENABLE_DEBUG_INFO = YES;
				ONLY_ACTIVE_ARCH = YES;
				SDKROOT = iphoneos;
				SWIFT_ACTIVE_COMPILATION_CONDITIONS = DEBUG;
				SWIFT_OPTIMIZATION_LEVEL = "-Onone";
			};
			name = Debug;
		};
		8F861A8E20B2F67500FC96ED /* Release */ = {
			isa = XCBuildConfiguration;
			buildSettings = {
				ALWAYS_SEARCH_USER_PATHS = NO;
				CLANG_ANALYZER_NONNULL = YES;
				CLANG_ANALYZER_NUMBER_OBJECT_CONVERSION = YES_AGGRESSIVE;
				CLANG_CXX_LANGUAGE_STANDARD = "gnu++14";
				CLANG_CXX_LIBRARY = "libc++";
				CLANG_ENABLE_MODULES = YES;
				CLANG_ENABLE_OBJC_ARC = YES;
				CLANG_ENABLE_OBJC_WEAK = YES;
				CLANG_WARN_BLOCK_CAPTURE_AUTORELEASING = YES;
				CLANG_WARN_BOOL_CONVERSION = YES;
				CLANG_WARN_COMMA = YES;
				CLANG_WARN_CONSTANT_CONVERSION = YES;
				CLANG_WARN_DEPRECATED_OBJC_IMPLEMENTATIONS = YES;
				CLANG_WARN_DIRECT_OBJC_ISA_USAGE = YES_ERROR;
				CLANG_WARN_DOCUMENTATION_COMMENTS = YES;
				CLANG_WARN_EMPTY_BODY = YES;
				CLANG_WARN_ENUM_CONVERSION = YES;
				CLANG_WARN_INFINITE_RECURSION = YES;
				CLANG_WARN_INT_CONVERSION = YES;
				CLANG_WARN_NON_LITERAL_NULL_CONVERSION = YES;
				CLANG_WARN_OBJC_IMPLICIT_RETAIN_SELF = YES;
				CLANG_WARN_OBJC_LITERAL_CONVERSION = YES;
				CLANG_WARN_OBJC_ROOT_CLASS = YES_ERROR;
				CLANG_WARN_RANGE_LOOP_ANALYSIS = YES;
				CLANG_WARN_STRICT_PROTOTYPES = YES;
				CLANG_WARN_SUSPICIOUS_MOVE = YES;
				CLANG_WARN_UNGUARDED_AVAILABILITY = YES_AGGRESSIVE;
				CLANG_WARN_UNREACHABLE_CODE = YES;
				CLANG_WARN__DUPLICATE_METHOD_MATCH = YES;
				CODE_SIGN_IDENTITY = "iPhone Developer";
				COPY_PHASE_STRIP = NO;
				DEBUG_INFORMATION_FORMAT = "dwarf-with-dsym";
				ENABLE_NS_ASSERTIONS = NO;
				ENABLE_STRICT_OBJC_MSGSEND = YES;
				GCC_C_LANGUAGE_STANDARD = gnu11;
				GCC_NO_COMMON_BLOCKS = YES;
				GCC_WARN_64_TO_32_BIT_CONVERSION = YES;
				GCC_WARN_ABOUT_RETURN_TYPE = YES_ERROR;
				GCC_WARN_UNDECLARED_SELECTOR = YES;
				GCC_WARN_UNINITIALIZED_AUTOS = YES_AGGRESSIVE;
				GCC_WARN_UNUSED_FUNCTION = YES;
				GCC_WARN_UNUSED_VARIABLE = YES;
				IPHONEOS_DEPLOYMENT_TARGET = 11.3;
				MTL_ENABLE_DEBUG_INFO = NO;
				SDKROOT = iphoneos;
				SWIFT_COMPILATION_MODE = wholemodule;
				SWIFT_OPTIMIZATION_LEVEL = "-O";
				VALIDATE_PRODUCT = YES;
			};
			name = Release;
		};
		8F861A9020B2F67500FC96ED /* Debug */ = {
			isa = XCBuildConfiguration;
			buildSettings = {
				ASSETCATALOG_COMPILER_APPICON_NAME = AppIcon;
				CODE_SIGN_STYLE = Automatic;
				DEVELOPMENT_TEAM = 4X3P73M638;
				INFOPLIST_FILE = "$(SRCROOT)/Happy Button/Info.plist";
				LD_RUNPATH_SEARCH_PATHS = (
					"$(inherited)",
					"@executable_path/Frameworks",
				);
				PRODUCT_BUNDLE_IDENTIFIER = "com.theseahorsecompany.happy-button";
				PRODUCT_NAME = "$(TARGET_NAME)";
				SWIFT_VERSION = 4.0;
				TARGETED_DEVICE_FAMILY = "1,2";
			};
			name = Debug;
		};
		8F861A9120B2F67500FC96ED /* Release */ = {
			isa = XCBuildConfiguration;
			buildSettings = {
				ASSETCATALOG_COMPILER_APPICON_NAME = AppIcon;
				CODE_SIGN_STYLE = Automatic;
				DEVELOPMENT_TEAM = 4X3P73M638;
				INFOPLIST_FILE = "$(SRCROOT)/Happy Button/Info.plist";
				LD_RUNPATH_SEARCH_PATHS = (
					"$(inherited)",
					"@executable_path/Frameworks",
				);
				PRODUCT_BUNDLE_IDENTIFIER = "com.theseahorsecompany.happy-button";
				PRODUCT_NAME = "$(TARGET_NAME)";
				SWIFT_VERSION = 4.0;
				TARGETED_DEVICE_FAMILY = "1,2";
			};
			name = Release;
		};
/* End XCBuildConfiguration section */

/* Begin XCConfigurationList section */
		8F861A7820B2F67400FC96ED /* Build configuration list for PBXProject "Happy Button" */ = {
			isa = XCConfigurationList;
			buildConfigurations = (
				8F861A8D20B2F67500FC96ED /* Debug */,
				8F861A8E20B2F67500FC96ED /* Release */,
			);
			defaultConfigurationIsVisible = 0;
			defaultConfigurationName = Release;
		};
		8F861A8F20B2F67500FC96ED /* Build configuration list for PBXNativeTarget "Happy Button" */ = {
			isa = XCConfigurationList;
			buildConfigurations = (
				8F861A9020B2F67500FC96ED /* Debug */,
				8F861A9120B2F67500FC96ED /* Release */,
			);
			defaultConfigurationIsVisible = 0;
			defaultConfigurationName = Release;
		};
/* End XCConfigurationList section */
	};
	rootObject = 8F861A7520B2F67400FC96ED /* Project object */;
}
